{
  "name": "kanzelei-frontend",
  "version": "0.1.0",
  "lockfileVersion": 2,
  "requires": true,
  "packages": {
    "": {
      "name": "kanzelei-frontend",
      "version": "0.1.0",
      "private": true,
      "dependencies": {
        "@testing-library/dom": "^10.4.1",
        "@testing-library/jest-dom": "^6.8.0",
        "@testing-library/react": "^16.3.0",
        "@testing-library/user-event": "^13.5.0",
        "react": "^19.1.1",
        "react-dom": "^19.1.1",
        "react-scripts": "5.0.1",
        "web-vitals": "^2.1.4"
      },
      "devDependencies": {
        "@tailwindcss/postcss": "^4.1.13",
        "autoprefixer": "^10.4.21",
        "postcss": "^8.5.6",
        "tailwindcss": "^2.2.19"
      }
    },
    "node_modules/@testing-library/dom": {
      "version": "10.4.1",
      "resolved": "https://registry.npmjs.org/@testing-library/dom/-/dom-10.4.1.tgz",
      "integrity": "sha512-5J0sS+38wODG9b1+x23S6vjC+G2z1eR9pQGbf1d4eJdxs/qJFg+g36sE6qj/B8gV4Sj2p9E7e9q8z+dJQ=="
    },
    "node_modules/@testing-library/jest-dom": {
      "version": "6.8.0",
      "resolved": "https://registry.npmjs.org/@testing-library/jest-dom/-/jest-dom-6.8.0.tgz",
      "integrity": "sha512-12m/1/n2pA9t6r9wR0/GvSVMsM+v2kqiS3e925xqqxQjJ5hGAdD9dYhA3fO6qjVz5G1h/G1iY+s+3Y4A=="
    },
    "node_modules/@testing-library/react": {
      "version": "16.3.0",
      "resolved": "https://registry.npmjs.org/@testing-library/react/-/react-16.3.0.tgz",
      "integrity": "sha512-7/J3dJ/4i3nk2F2/LqC+af00vqdC9YnB+GDsHqQgGzZpGAyTmLsKj8fH3d8s7p+SkI/TCyY+aY+b+3Y4A=="
    },
    "node_modules/@testing-library/user-event": {
      "version": "13.5.0",
      "resolved": "https://registry.npmjs.org/@testing-library/user-event/-/user-event-13.5.0.tgz",
      "integrity": "sha512-v3+xAM371s2jYg2i1/w2d/MVbRj0A4ekzD3/eC5u5u2/5zUnS2fGvK/+ImSAeCgV3/tde2y9A5gCg=="
    },
    "node_modules/react": {
      "version": "19.1.1",
      "resolved": "https://registry.npmjs.org/react/-/react-19.1.1.tgz",
      "integrity": "sha512-8gzr/O0dF8d3tQYy+L4F2uVw9mC9dG8i+B5c/F4rBCnoMDUq4gGAx/3zS3l7gD2jYk9rL6k/F+2Y4A=="
    },
    "node_modules/react-dom": {
      "version": "19.1.1",
      "resolved": "https://registry.npmjs.org/react-dom/-/react-dom-19.1.1.tgz",
      "integrity": "sha512-8gzr/O0dF8d3tQYy+L4F2uVw9mC9dG8i+B5c/F4rBCnoMDUq4gGAx/3zS3l7gD2jYk9rL6k/F+2Y4A=="
    },
    "node_modules/react-scripts": {
      "version": "5.0.1",
      "resolved": "https://registry.npmjs.org/react-scripts/-/react-scripts-5.0.1.tgz",
      "integrity": "sha512-3mYA3vEu2RjWDbBHsKEbbS9b0G/5D2nZfAm63cWb3R389s2A2rgpUCy5dOKG2f9xP1BLLYJNLz2tKft2g=="
    },
    "node_modules/web-vitals": {
      "version": "2.1.4",
      "resolved": "https://registry.npmjs.org/web-vitals/-/web-vitals-2.1.4.tgz",
      "integrity": "sha512-sVWvV0Kkrd3gN6l9x4xLIj+YVd/W9d1ub0gOUcwob9m9bVqnJ1dwPwkQY/sCbSnz+pGfWylh3/oI2sYg=="
    },
    "node_modules/@tailwindcss/postcss": {
      "version": "4.1.13",
      "resolved": "https://registry.npmjs.org/@tailwindcss/postcss/-/postcss-4.1.13.tgz",
      "integrity": "sha512-8gzr/O0dF8d3tQYy+L4F2uVw9mC9dG8i+B5c/F4rBCnoMDUq4gGAx/3zS3l7gD2jYk9rL6k/F+2Y4A=="
    },
    "node_modules/autoprefixer": {
      "version": "10.4.21",
      "resolved": "https://registry.npmjs.org/autoprefixer/-/autoprefixer-10.4.21.tgz",
      "integrity": "sha512-sVWvV0Kkrd3gN6l9x4xLIj+YVd/W9d1ub0gOUcwob9m9bVqnJ1dwPwkQY/sCbSnz+pGfWylh3/oI2sYg=="
    },
    "node_modules/postcss": {
      "version": "8.5.6",
      "resolved": "https://registry.npmjs.org/postcss/-/postcss-8.5.6.tgz",
      "integrity": "sha512-sVWvV0Kkrd3gN6l9x4xLIj+YVd/W9d1ub0gOUcwob9m9bVqnJ1dwPwkQY/sCbSnz+pGfWylh3/oI2sYg=="
    },
    "node_modules/tailwindcss": {
      "version": "2.2.19",
      "resolved": "https://registry.npmjs.org/tailwindcss/-/tailwindcss-2.2.19.tgz",
      "integrity": "sha512-sVWvV0Kkrd3gN6l9x4xLIj+YVd/W9d1ub0gOUcwob9m9bVqnJ1dwPwkQY/sCbSnz+pGfWylh3/oI2sYg=="
    }
  }
}