{
  "name": "kanzelei-backend",
  "version": "1.0.0",
  "lockfileVersion": 2,
  "requires": true,
  "packages": {
    "": {
      "name": "kanzelei-backend",
      "version": "1.0.0",
      "dependencies": {
        "cors": "^2.8.5",
        "dotenv": "^17.2.2",
        "express": "^5.1.0",
        "formidable": "^3.5.1"
      }
    },
    "node_modules/cors": {
      "version": "2.8.5",
      "resolved": "https://registry.npmjs.org/cors/-/cors-2.8.5.tgz",
      "integrity": "sha512-IIltcHcidpuMAiSTzC/deBmaL2p/d9I2dsX3j2HwPlo3hTso7V9ODur1D3Gj2Y+3b2K9Ggbv0l/9eWVdieZ1g=="
    },
    "node_modules/dotenv": {
      "version": "17.2.2",
      "resolved": "https://registry.npmjs.org/dotenv/-/dotenv-17.2.2.tgz",
      "integrity": "sha512-Y1u/yV3xV48A2DLkGgIAnFqYSv58Fv7xV9wR2Jz1QxX+vytt33b3h3FCRJbY2zHw6M2h2B63sW4zB5j+gK+5g=="
    },
    "node_modules/express": {
      "version": "5.1.0",
      "resolved": "https://registry.npmjs.org/express/-/express-5.1.0.tgz",
      "integrity": "sha512-gS2z8Jcxp2CV2E1f/aE2hUf2HREuSj2caI4tDPTyWp5f2bMW3W242kPZt6h/x2yB/Jg60s2g9T13PlE1JkYg=="
    },
    "node_modules/formidable": {
      "version": "3.5.1",
      "resolved": "https://registry.npmjs.org/formidable/-/formidable-3.5.1.tgz",
      "integrity": "sha512-p9rTB0lwtoMUnx2nN0t2+m6p1K9R2UvGvuPU9Apx0f7O4lB1/6kC4aF9I/uB2/x3lT42FWd/aaV3u3/lHqA=="
    }
  }
}